// !$*UTF8*$!
{
	archiveVersion = 1;
	classes = {
	};
	objectVersion = 55;
	objects = {

/* Begin PBXBuildFile section */
		AF10CABC28AE1CFA00709ECE /* AppDelegate.swift in Sources */ = {isa = PBXBuildFile; fileRef = AF10CABB28AE1CFA00709ECE /* AppDelegate.swift */; };
		AF10CABE28AE1CFA00709ECE /* SceneDelegate.swift in Sources */ = {isa = PBXBuildFile; fileRef = AF10CABD28AE1CFA00709ECE /* SceneDelegate.swift */; };
		AF10CAC028AE1CFA00709ECE /* KantoTabBarController.swift in Sources */ = {isa = PBXBuildFile; fileRef = AF10CABF28AE1CFA00709ECE /* KantoTabBarController.swift */; };
		AF10CAC328AE1CFA00709ECE /* Main.storyboard in Resources */ = {isa = PBXBuildFile; fileRef = AF10CAC128AE1CFA00709ECE /* Main.storyboard */; };
		AF10CAC528AE1D0100709ECE /* Assets.xcassets in Resources */ = {isa = PBXBuildFile; fileRef = AF10CAC428AE1D0100709ECE /* Assets.xcassets */; };
		AF10CAC828AE1D0100709ECE /* LaunchScreen.storyboard in Resources */ = {isa = PBXBuildFile; fileRef = AF10CAC628AE1D0100709ECE /* LaunchScreen.storyboard */; };
		AF10CAD128AE28D300709ECE /* Places.swift in Sources */ = {isa = PBXBuildFile; fileRef = AF10CAD028AE28D300709ECE /* Places.swift */; };
		AF10CAD328AE2CA800709ECE /* PlacesListViewController.swift in Sources */ = {isa = PBXBuildFile; fileRef = AF10CAD228AE2CA800709ECE /* PlacesListViewController.swift */; };
/* End PBXBuildFile section */

/* Begin PBXFileReference section */
		AF10CAB828AE1CFA00709ECE /* Kanto.app */ = {isa = PBXFileReference; explicitFileType = wrapper.application; includeInIndex = 0; path = Kanto.app; sourceTree = BUILT_PRODUCTS_DIR; };
		AF10CABB28AE1CFA00709ECE /* AppDelegate.swift */ = {isa = PBXFileReference; lastKnownFileType = sourcecode.swift; path = AppDelegate.swift; sourceTree = "<group>"; };
		AF10CABD28AE1CFA00709ECE /* SceneDelegate.swift */ = {isa = PBXFileReference; lastKnownFileType = sourcecode.swift; path = SceneDelegate.swift; sourceTree = "<group>"; };
		AF10CABF28AE1CFA00709ECE /* KantoTabBarController.swift */ = {isa = PBXFileReference; lastKnownFileType = sourcecode.swift; path = KantoTabBarController.swift; sourceTree = "<group>"; };
		AF10CAC228AE1CFA00709ECE /* Base */ = {isa = PBXFileReference; lastKnownFileType = file.storyboard; name = Base; path = Base.lproj/Main.storyboard; sourceTree = "<group>"; };
		AF10CAC428AE1D0100709ECE /* Assets.xcassets */ = {isa = PBXFileReference; lastKnownFileType = folder.assetcatalog; path = Assets.xcassets; sourceTree = "<group>"; };
		AF10CAC728AE1D0100709ECE /* Base */ = {isa = PBXFileReference; lastKnownFileType = file.storyboard; name = Base; path = Base.lproj/LaunchScreen.storyboard; sourceTree = "<group>"; };
		AF10CAC928AE1D0100709ECE /* Info.plist */ = {isa = PBXFileReference; lastKnownFileType = text.plist.xml; path = Info.plist; sourceTree = "<group>"; };
		AF10CAD028AE28D300709ECE /* Places.swift */ = {isa = PBXFileReference; lastKnownFileType = sourcecode.swift; path = Places.swift; sourceTree = "<group>"; };
		AF10CAD228AE2CA800709ECE /* PlacesListViewController.swift */ = {isa = PBXFileReference; lastKnownFileType = sourcecode.swift; path = PlacesListViewController.swift; sourceTree = "<group>"; };
/* End PBXFileReference section */

/* Begin PBXFrameworksBuildPhase section */
		AF10CAB528AE1CFA00709ECE /* Frameworks */ = {
			isa = PBXFrameworksBuildPhase;
			buildActionMask = 2147483647;
			files = (
			);
			runOnlyForDeploymentPostprocessing = 0;
		};
/* End PBXFrameworksBuildPhase section */

/* Begin PBXGroup section */
		AF10CAAF28AE1CFA00709ECE = {
			isa = PBXGroup;
			children = (
				AF10CABA28AE1CFA00709ECE /* Kanto */,
				AF10CAB928AE1CFA00709ECE /* Products */,
			);
			sourceTree = "<group>";
		};
		AF10CAB928AE1CFA00709ECE /* Products */ = {
			isa = PBXGroup;
			children = (
				AF10CAB828AE1CFA00709ECE /* Kanto.app */,
			);
			name = Products;
			sourceTree = "<group>";
		};
		AF10CABA28AE1CFA00709ECE /* Kanto */ = {
			isa = PBXGroup;
			children = (
				AF10CAD028AE28D300709ECE /* Places.swift */,
				AF10CABF28AE1CFA00709ECE /* KantoTabBarController.swift */,
				AF10CAD228AE2CA800709ECE /* PlacesListViewController.swift */,
				AF10CAC128AE1CFA00709ECE /* Main.storyboard */,
				AF10CAC928AE1D0100709ECE /* Info.plist */,
				AF10CACF28AE1D1E00709ECE /* Service */,
			);
			path = Kanto;
			sourceTree = "<group>";
		};
		AF10CACF28AE1D1E00709ECE /* Service */ = {
			isa = PBXGroup;
			children = (
				AF10CABB28AE1CFA00709ECE /* AppDelegate.swift */,
				AF10CABD28AE1CFA00709ECE /* SceneDelegate.swift */,
				AF10CAC428AE1D0100709ECE /* Assets.xcassets */,
				AF10CAC628AE1D0100709ECE /* LaunchScreen.storyboard */,
			);
			path = Service;
			sourceTree = "<group>";
		};
/* End PBXGroup section */

/* Begin PBXNativeTarget section */
		AF10CAB728AE1CFA00709ECE /* Kanto */ = {
			isa = PBXNativeTarget;
			buildConfigurationList = AF10CACC28AE1D0100709ECE /* Build configuration list for PBXNativeTarget "Kanto" */;
			buildPhases = (
				AF10CAB428AE1CFA00709ECE /* Sources */,
				AF10CAB528AE1CFA00709ECE /* Frameworks */,
				AF10CAB628AE1CFA00709ECE /* Resources */,
			);
			buildRules = (
			);
			dependencies = (
			);
			name = Kanto;
			productName = Kanto;
			productReference = AF10CAB828AE1CFA00709ECE /* Kanto.app */;
			productType = "com.apple.product-type.application";
		};
/* End PBXNativeTarget section */

/* Begin PBXProject section */
		AF10CAB028AE1CFA00709ECE /* Project object */ = {
			isa = PBXProject;
			attributes = {
				BuildIndependentTargetsInParallel = 1;
				LastSwiftUpdateCheck = 1340;
				LastUpgradeCheck = 1340;
				TargetAttributes = {
					AF10CAB728AE1CFA00709ECE = {
						CreatedOnToolsVersion = 13.4.1;
					};
				};
			};
			buildConfigurationList = AF10CAB328AE1CFA00709ECE /* Build configuration list for PBXProject "Kanto" */;
			compatibilityVersion = "Xcode 13.0";
			developmentRegion = en;
			hasScannedForEncodings = 0;
			knownRegions = (
				en,
				Base,
			);
			mainGroup = AF10CAAF28AE1CFA00709ECE;
			productRefGroup = AF10CAB928AE1CFA00709ECE /* Products */;
			projectDirPath = "";
			projectRoot = "";
			targets = (
				AF10CAB728AE1CFA00709ECE /* Kanto */,
			);
		};
/* End PBXProject section */

/* Begin PBXResourcesBuildPhase section */
		AF10CAB628AE1CFA00709ECE /* Resources */ = {
			isa = PBXResourcesBuildPhase;
			buildActionMask = 2147483647;
			files = (
				AF10CAC828AE1D0100709ECE /* LaunchScreen.storyboard in Resources */,
				AF10CAC528AE1D0100709ECE /* Assets.xcassets in Resources */,
				AF10CAC328AE1CFA00709ECE /* Main.storyboard in Resources */,
			);
			runOnlyForDeploymentPostprocessing = 0;
		};
/* End PBXResourcesBuildPhase section */

/* Begin PBXSourcesBuildPhase section */
		AF10CAB428AE1CFA00709ECE /* Sources */ = {
			isa = PBXSourcesBuildPhase;
			buildActionMask = 2147483647;
			files = (
				AF10CAD328AE2CA800709ECE /* PlacesListViewController.swift in Sources */,
				AF10CAC028AE1CFA00709ECE /* KantoTabBarController.swift in Sources */,
				AF10CABC28AE1CFA00709ECE /* AppDelegate.swift in Sources */,
				AF10CABE28AE1CFA00709ECE /* SceneDelegate.swift in Sources */,
				AF10CAD128AE28D300709ECE /* Places.swift in Sources */,
			);
			runOnlyForDeploymentPostprocessing = 0;
		};
/* End PBXSourcesBuildPhase section */

/* Begin PBXVariantGroup section */
		AF10CAC128AE1CFA00709ECE /* Main.storyboard */ = {
			isa = PBXVariantGroup;
			children = (
				AF10CAC228AE1CFA00709ECE /* Base */,
			);
			name = Main.storyboard;
			sourceTree = "<group>";
		};
		AF10CAC628AE1D0100709ECE /* LaunchScreen.storyboard */ = {
			isa = PBXVariantGroup;
			children = (
				AF10CAC728AE1D0100709ECE /* Base */,
			);
			name = LaunchScreen.storyboard;
			sourceTree = "<group>";
		};
/* End PBXVariantGroup section */

/* Begin XCBuildConfiguration section */
		AF10CACA28AE1D0100709ECE /* Debug */ = {
			isa = XCBuildConfiguration;
			buildSettings = {
				ALWAYS_SEARCH_USER_PATHS = NO;
				CLANG_ANALYZER_NONNULL = YES;
				CLANG_ANALYZER_NUMBER_OBJECT_CONVERSION = YES_AGGRESSIVE;
				CLANG_CXX_LANGUAGE_STANDARD = "gnu++17";
				CLANG_ENABLE_MODULES = YES;
				CLANG_ENABLE_OBJC_ARC = YES;
				CLANG_ENABLE_OBJC_WEAK = YES;
				CLANG_WARN_BLOCK_CAPTURE_AUTORELEASING = YES;
				CLANG_WARN_BOOL_CONVERSION = YES;
				CLANG_WARN_COMMA = YES;
				CLANG_WARN_CONSTANT_CONVERSION = YES;
				CLANG_WARN_DEPRECATED_OBJC_IMPLEMENTATIONS = YES;
				CLANG_WARN_DIRECT_OBJC_ISA_USAGE = YES_ERROR;
				CLANG_WARN_DOCUMENTATION_COMMENTS = YES;
				CLANG_WARN_EMPTY_BODY = YES;
				CLANG_WARN_ENUM_CONVERSION = YES;
				CLANG_WARN_INFINITE_RECURSION = YES;
				CLANG_WARN_INT_CONVERSION = YES;
				CLANG_WARN_NON_LITERAL_NULL_CONVERSION = YES;
				CLANG_WARN_OBJC_IMPLICIT_RETAIN_SELF = YES;
				CLANG_WARN_OBJC_LITERAL_CONVERSION = YES;
				CLANG_WARN_OBJC_ROOT_CLASS = YES_ERROR;
				CLANG_WARN_QUOTED_INCLUDE_IN_FRAMEWORK_HEADER = YES;
				CLANG_WARN_RANGE_LOOP_ANALYSIS = YES;
				CLANG_WARN_STRICT_PROTOTYPES = YES;
				CLANG_WARN_SUSPICIOUS_MOVE = YES;
				CLANG_WARN_UNGUARDED_AVAILABILITY = YES_AGGRESSIVE;
				CLANG_WARN_UNREACHABLE_CODE = YES;
				CLANG_WARN__DUPLICATE_METHOD_MATCH = YES;
				COPY_PHASE_STRIP = NO;
				DEBUG_INFORMATION_FORMAT = dwarf;
				ENABLE_STRICT_OBJC_MSGSEND = YES;
				ENABLE_TESTABILITY = YES;
				GCC_C_LANGUAGE_STANDARD = gnu11;
				GCC_DYNAMIC_NO_PIC = NO;
				GCC_NO_COMMON_BLOCKS = YES;
				GCC_OPTIMIZATION_LEVEL = 0;
				GCC_PREPROCESSOR_DEFINITIONS = (
					"DEBUG=1",
					"$(inherited)",
				);
				GCC_WARN_64_TO_32_BIT_CONVERSION = YES;
				GCC_WARN_ABOUT_RETURN_TYPE = YES_ERROR;
				GCC_WARN_UNDECLARED_SELECTOR = YES;
				GCC_WARN_UNINITIALIZED_AUTOS = YES_AGGRESSIVE;
				GCC_WARN_UNUSED_FUNCTION = YES;
				GCC_WARN_UNUSED_VARIABLE = YES;
				IPHONEOS_DEPLOYMENT_TARGET = 15.5;
				MTL_ENABLE_DEBUG_INFO = INCLUDE_SOURCE;
				MTL_FAST_MATH = YES;
				ONLY_ACTIVE_ARCH = YES;
				SDKROOT = iphoneos;
				SWIFT_ACTIVE_COMPILATION_CONDITIONS = DEBUG;
				SWIFT_OPTIMIZATION_LEVEL = "-Onone";
			};
			name = Debug;
		};
		AF10CACB28AE1D0100709ECE /* Release */ = {
			isa = XCBuildConfiguration;
			buildSettings = {
				ALWAYS_SEARCH_USER_PATHS = NO;
				CLANG_ANALYZER_NONNULL = YES;
				CLANG_ANALYZER_NUMBER_OBJECT_CONVERSION = YES_AGGRESSIVE;
				CLANG_CXX_LANGUAGE_STANDARD = "gnu++17";
				CLANG_ENABLE_MODULES = YES;
				CLANG_ENABLE_OBJC_ARC = YES;
				CLANG_ENABLE_OBJC_WEAK = YES;
				CLANG_WARN_BLOCK_CAPTURE_AUTORELEASING = YES;
				CLANG_WARN_BOOL_CONVERSION = YES;
				CLANG_WARN_COMMA = YES;
				CLANG_WARN_CONSTANT_CONVERSION = YES;
				CLANG_WARN_DEPRECATED_OBJC_IMPLEMENTATIONS = YES;
				CLANG_WARN_DIRECT_OBJC_ISA_USAGE = YES_ERROR;
				CLANG_WARN_DOCUMENTATION_COMMENTS = YES;
				CLANG_WARN_EMPTY_BODY = YES;
				CLANG_WARN_ENUM_CONVERSION = YES;
				CLANG_WARN_INFINITE_RECURSION = YES;
				CLANG_WARN_INT_CONVERSION = YES;
				CLANG_WARN_NON_LITERAL_NULL_CONVERSION = YES;
				CLANG_WARN_OBJC_IMPLICIT_RETAIN_SELF = YES;
				CLANG_WARN_OBJC_LITERAL_CONVERSION = YES;
				CLANG_WARN_OBJC_ROOT_CLASS = YES_ERROR;
				CLANG_WARN_QUOTED_INCLUDE_IN_FRAMEWORK_HEADER = YES;
				CLANG_WARN_RANGE_LOOP_ANALYSIS = YES;
				CLANG_WARN_STRICT_PROTOTYPES = YES;
				CLANG_WARN_SUSPICIOUS_MOVE = YES;
				CLANG_WARN_UNGUARDED_AVAILABILITY = YES_AGGRESSIVE;
				CLANG_WARN_UNREACHABLE_CODE = YES;
				CLANG_WARN__DUPLICATE_METHOD_MATCH = YES;
				COPY_PHASE_STRIP = NO;
				DEBUG_INFORMATION_FORMAT = "dwarf-with-dsym";
				ENABLE_NS_ASSERTIONS = NO;
				ENABLE_STRICT_OBJC_MSGSEND = YES;
				GCC_C_LANGUAGE_STANDARD = gnu11;
				GCC_NO_COMMON_BLOCKS = YES;
				GCC_WARN_64_TO_32_BIT_CONVERSION = YES;
				GCC_WARN_ABOUT_RETURN_TYPE = YES_ERROR;
				GCC_WARN_UNDECLARED_SELECTOR = YES;
				GCC_WARN_UNINITIALIZED_AUTOS = YES_AGGRESSIVE;
				GCC_WARN_UNUSED_FUNCTION = YES;
				GCC_WARN_UNUSED_VARIABLE = YES;
				IPHONEOS_DEPLOYMENT_TARGET = 15.5;
				MTL_ENABLE_DEBUG_INFO = NO;
				MTL_FAST_MATH = YES;
				SDKROOT = iphoneos;
				SWIFT_COMPILATION_MODE = wholemodule;
				SWIFT_OPTIMIZATION_LEVEL = "-O";
				VALIDATE_PRODUCT = YES;
			};
			name = Release;
		};
		AF10CACD28AE1D0100709ECE /* Debug */ = {
			isa = XCBuildConfiguration;
			buildSettings = {
				ASSETCATALOG_COMPILER_APPICON_NAME = AppIcon;
				ASSETCATALOG_COMPILER_GLOBAL_ACCENT_COLOR_NAME = AccentColor;
				CODE_SIGN_STYLE = Automatic;
				CURRENT_PROJECT_VERSION = 1;
				DEVELOPMENT_TEAM = UJZ22F5K9V;
				GENERATE_INFOPLIST_FILE = YES;
				INFOPLIST_FILE = Kanto/Info.plist;
				INFOPLIST_KEY_UIApplicationSupportsIndirectInputEvents = YES;
				INFOPLIST_KEY_UILaunchStoryboardName = LaunchScreen;
				INFOPLIST_KEY_UIMainStoryboardFile = Main;
				INFOPLIST_KEY_UISupportedInterfaceOrientations_iPad = "UIInterfaceOrientationPortrait UIInterfaceOrientationPortraitUpsideDown UIInterfaceOrientationLandscapeLeft UIInterfaceOrientationLandscapeRight";
				INFOPLIST_KEY_UISupportedInterfaceOrientations_iPhone = "UIInterfaceOrientationPortrait UIInterfaceOrientationLandscapeLeft UIInterfaceOrientationLandscapeRight";
				LD_RUNPATH_SEARCH_PATHS = (
					"$(inherited)",
					"@executable_path/Frameworks",
				);
				MARKETING_VERSION = 1.0;
				PRODUCT_BUNDLE_IDENTIFIER = dredfort.42.Kanto;
				PRODUCT_NAME = "$(TARGET_NAME)";
				SWIFT_EMIT_LOC_STRINGS = YES;
				SWIFT_VERSION = 5.0;
				TARGETED_DEVICE_FAMILY = "1,2";
			};
			name = Debug;
		};
		AF10CACE28AE1D0100709ECE /* Release */ = {
			isa = XCBuildConfiguration;
			buildSettings = {
				ASSETCATALOG_COMPILER_APPICON_NAME = AppIcon;
				ASSETCATALOG_COMPILER_GLOBAL_ACCENT_COLOR_NAME = AccentColor;
				CODE_SIGN_STYLE = Automatic;
				CURRENT_PROJECT_VERSION = 1;
				DEVELOPMENT_TEAM = UJZ22F5K9V;
				GENERATE_INFOPLIST_FILE = YES;
				INFOPLIST_FILE = Kanto/Info.plist;
				INFOPLIST_KEY_UIApplicationSupportsIndirectInputEvents = YES;
				INFOPLIST_KEY_UILaunchStoryboardName = LaunchScreen;
				INFOPLIST_KEY_UIMainStoryboardFile = Main;
				INFOPLIST_KEY_UISupportedInterfaceOrientations_iPad = "UIInterfaceOrientationPortrait UIInterfaceOrientationPortraitUpsideDown UIInterfaceOrientationLandscapeLeft UIInterfaceOrientationLandscapeRight";
				INFOPLIST_KEY_UISupportedInterfaceOrientations_iPhone = "UIInterfaceOrientationPortrait UIInterfaceOrientationLandscapeLeft UIInterfaceOrientationLandscapeRight";
				LD_RUNPATH_SEARCH_PATHS = (
					"$(inherited)",
					"@executable_path/Frameworks",
				);
				MARKETING_VERSION = 1.0;
				PRODUCT_BUNDLE_IDENTIFIER = dredfort.42.Kanto;
				PRODUCT_NAME = "$(TARGET_NAME)";
				SWIFT_EMIT_LOC_STRINGS = YES;
				SWIFT_VERSION = 5.0;
				TARGETED_DEVICE_FAMILY = "1,2";
			};
			name = Release;
		};
/* End XCBuildConfiguration section */

/* Begin XCConfigurationList section */
		AF10CAB328AE1CFA00709ECE /* Build configuration list for PBXProject "Kanto" */ = {
			isa = XCConfigurationList;
			buildConfigurations = (
				AF10CACA28AE1D0100709ECE /* Debug */,
				AF10CACB28AE1D0100709ECE /* Release */,
			);
			defaultConfigurationIsVisible = 0;
			defaultConfigurationName = Release;
		};
		AF10CACC28AE1D0100709ECE /* Build configuration list for PBXNativeTarget "Kanto" */ = {
			isa = XCConfigurationList;
			buildConfigurations = (
				AF10CACD28AE1D0100709ECE /* Debug */,
				AF10CACE28AE1D0100709ECE /* Release */,
			);
			defaultConfigurationIsVisible = 0;
			defaultConfigurationName = Release;
		};
/* End XCConfigurationList section */
	};
	rootObject = AF10CAB028AE1CFA00709ECE /* Project object */;
}
