// !$*UTF8*$!
{
	archiveVersion = 1;
	classes = {
	};
	objectVersion = 55;
	objects = {

/* Begin PBXBuildFile section */
		AFE6CA3628A79BE70066A3B6 /* AddNoteViewController.swift in Sources */ = {isa = PBXBuildFile; fileRef = AFE6CA3528A79BE70066A3B6 /* AddNoteViewController.swift */; };
		AFF3772228A6DE2D00364F51 /* AppDelegate.swift in Sources */ = {isa = PBXBuildFile; fileRef = AFF3772128A6DE2D00364F51 /* AppDelegate.swift */; };
		AFF3772428A6DE2D00364F51 /* SceneDelegate.swift in Sources */ = {isa = PBXBuildFile; fileRef = AFF3772328A6DE2D00364F51 /* SceneDelegate.swift */; };
		AFF3772628A6DE2D00364F51 /* NotesViewController.swift in Sources */ = {isa = PBXBuildFile; fileRef = AFF3772528A6DE2D00364F51 /* NotesViewController.swift */; };
		AFF3772928A6DE2D00364F51 /* Main.storyboard in Resources */ = {isa = PBXBuildFile; fileRef = AFF3772728A6DE2D00364F51 /* Main.storyboard */; };
		AFF3772B28A6DE2F00364F51 /* Assets.xcassets in Resources */ = {isa = PBXBuildFile; fileRef = AFF3772A28A6DE2F00364F51 /* Assets.xcassets */; };
		AFF3772E28A6DE2F00364F51 /* LaunchScreen.storyboard in Resources */ = {isa = PBXBuildFile; fileRef = AFF3772C28A6DE2F00364F51 /* LaunchScreen.storyboard */; };
		AFF3773628A6E0EE00364F51 /* Model.swift in Sources */ = {isa = PBXBuildFile; fileRef = AFF3773528A6E0EE00364F51 /* Model.swift */; };
		AFF3773828A6E73B00364F51 /* NoteCellView.swift in Sources */ = {isa = PBXBuildFile; fileRef = AFF3773728A6E73B00364F51 /* NoteCellView.swift */; };
/* End PBXBuildFile section */

/* Begin PBXFileReference section */
		AFE6CA3528A79BE70066A3B6 /* AddNoteViewController.swift */ = {isa = PBXFileReference; lastKnownFileType = sourcecode.swift; path = AddNoteViewController.swift; sourceTree = SOURCE_ROOT; };
		AFF3771E28A6DE2D00364F51 /* Day02.app */ = {isa = PBXFileReference; explicitFileType = wrapper.application; includeInIndex = 0; path = Day02.app; sourceTree = BUILT_PRODUCTS_DIR; };
		AFF3772128A6DE2D00364F51 /* AppDelegate.swift */ = {isa = PBXFileReference; lastKnownFileType = sourcecode.swift; path = AppDelegate.swift; sourceTree = "<group>"; };
		AFF3772328A6DE2D00364F51 /* SceneDelegate.swift */ = {isa = PBXFileReference; lastKnownFileType = sourcecode.swift; path = SceneDelegate.swift; sourceTree = "<group>"; };
		AFF3772528A6DE2D00364F51 /* NotesViewController.swift */ = {isa = PBXFileReference; lastKnownFileType = sourcecode.swift; path = NotesViewController.swift; sourceTree = "<group>"; };
		AFF3772828A6DE2D00364F51 /* Base */ = {isa = PBXFileReference; lastKnownFileType = file.storyboard; name = Base; path = Base.lproj/Main.storyboard; sourceTree = "<group>"; };
		AFF3772A28A6DE2F00364F51 /* Assets.xcassets */ = {isa = PBXFileReference; lastKnownFileType = folder.assetcatalog; path = Assets.xcassets; sourceTree = "<group>"; };
		AFF3772D28A6DE2F00364F51 /* Base */ = {isa = PBXFileReference; lastKnownFileType = file.storyboard; name = Base; path = Base.lproj/LaunchScreen.storyboard; sourceTree = "<group>"; };
		AFF3772F28A6DE2F00364F51 /* Info.plist */ = {isa = PBXFileReference; lastKnownFileType = text.plist.xml; path = Info.plist; sourceTree = "<group>"; };
		AFF3773528A6E0EE00364F51 /* Model.swift */ = {isa = PBXFileReference; lastKnownFileType = sourcecode.swift; path = Model.swift; sourceTree = "<group>"; };
		AFF3773728A6E73B00364F51 /* NoteCellView.swift */ = {isa = PBXFileReference; lastKnownFileType = sourcecode.swift; path = NoteCellView.swift; sourceTree = "<group>"; };
/* End PBXFileReference section */

/* Begin PBXFrameworksBuildPhase section */
		AFF3771B28A6DE2D00364F51 /* Frameworks */ = {
			isa = PBXFrameworksBuildPhase;
			buildActionMask = 2147483647;
			files = (
			);
			runOnlyForDeploymentPostprocessing = 0;
		};
/* End PBXFrameworksBuildPhase section */

/* Begin PBXGroup section */
		AFE6CA3728A79C000066A3B6 /* Services */ = {
			isa = PBXGroup;
			children = (
				AFF3772A28A6DE2F00364F51 /* Assets.xcassets */,
				AFF3772C28A6DE2F00364F51 /* LaunchScreen.storyboard */,
				AFF3772128A6DE2D00364F51 /* AppDelegate.swift */,
				AFF3772328A6DE2D00364F51 /* SceneDelegate.swift */,
			);
			path = Services;
			sourceTree = "<group>";
		};
		AFF3771528A6DE2D00364F51 = {
			isa = PBXGroup;
			children = (
				AFF3772028A6DE2D00364F51 /* Day02 */,
				AFF3771F28A6DE2D00364F51 /* Products */,
			);
			sourceTree = "<group>";
		};
		AFF3771F28A6DE2D00364F51 /* Products */ = {
			isa = PBXGroup;
			children = (
				AFF3771E28A6DE2D00364F51 /* Day02.app */,
			);
			name = Products;
			sourceTree = "<group>";
		};
		AFF3772028A6DE2D00364F51 /* Day02 */ = {
			isa = PBXGroup;
			children = (
				AFF3773528A6E0EE00364F51 /* Model.swift */,
				AFF3772528A6DE2D00364F51 /* NotesViewController.swift */,
				AFF3773728A6E73B00364F51 /* NoteCellView.swift */,
				AFE6CA3528A79BE70066A3B6 /* AddNoteViewController.swift */,
				AFF3772728A6DE2D00364F51 /* Main.storyboard */,
				AFF3772F28A6DE2F00364F51 /* Info.plist */,
				AFE6CA3728A79C000066A3B6 /* Services */,
			);
			path = Day02;
			sourceTree = "<group>";
		};
/* End PBXGroup section */

/* Begin PBXNativeTarget section */
		AFF3771D28A6DE2D00364F51 /* Day02 */ = {
			isa = PBXNativeTarget;
			buildConfigurationList = AFF3773228A6DE2F00364F51 /* Build configuration list for PBXNativeTarget "Day02" */;
			buildPhases = (
				AFF3771A28A6DE2D00364F51 /* Sources */,
				AFF3771B28A6DE2D00364F51 /* Frameworks */,
				AFF3771C28A6DE2D00364F51 /* Resources */,
			);
			buildRules = (
			);
			dependencies = (
			);
			name = Day02;
			productName = Day02;
			productReference = AFF3771E28A6DE2D00364F51 /* Day02.app */;
			productType = "com.apple.product-type.application";
		};
/* End PBXNativeTarget section */

/* Begin PBXProject section */
		AFF3771628A6DE2D00364F51 /* Project object */ = {
			isa = PBXProject;
			attributes = {
				BuildIndependentTargetsInParallel = 1;
				LastSwiftUpdateCheck = 1340;
				LastUpgradeCheck = 1340;
				TargetAttributes = {
					AFF3771D28A6DE2D00364F51 = {
						CreatedOnToolsVersion = 13.4.1;
					};
				};
			};
			buildConfigurationList = AFF3771928A6DE2D00364F51 /* Build configuration list for PBXProject "Day02" */;
			compatibilityVersion = "Xcode 13.0";
			developmentRegion = en;
			hasScannedForEncodings = 0;
			knownRegions = (
				en,
				Base,
			);
			mainGroup = AFF3771528A6DE2D00364F51;
			productRefGroup = AFF3771F28A6DE2D00364F51 /* Products */;
			projectDirPath = "";
			projectRoot = "";
			targets = (
				AFF3771D28A6DE2D00364F51 /* Day02 */,
			);
		};
/* End PBXProject section */

/* Begin PBXResourcesBuildPhase section */
		AFF3771C28A6DE2D00364F51 /* Resources */ = {
			isa = PBXResourcesBuildPhase;
			buildActionMask = 2147483647;
			files = (
				AFF3772E28A6DE2F00364F51 /* LaunchScreen.storyboard in Resources */,
				AFF3772B28A6DE2F00364F51 /* Assets.xcassets in Resources */,
				AFF3772928A6DE2D00364F51 /* Main.storyboard in Resources */,
			);
			runOnlyForDeploymentPostprocessing = 0;
		};
/* End PBXResourcesBuildPhase section */

/* Begin PBXSourcesBuildPhase section */
		AFF3771A28A6DE2D00364F51 /* Sources */ = {
			isa = PBXSourcesBuildPhase;
			buildActionMask = 2147483647;
			files = (
				AFF3772628A6DE2D00364F51 /* NotesViewController.swift in Sources */,
				AFF3772228A6DE2D00364F51 /* AppDelegate.swift in Sources */,
				AFE6CA3628A79BE70066A3B6 /* AddNoteViewController.swift in Sources */,
				AFF3772428A6DE2D00364F51 /* SceneDelegate.swift in Sources */,
				AFF3773828A6E73B00364F51 /* NoteCellView.swift in Sources */,
				AFF3773628A6E0EE00364F51 /* Model.swift in Sources */,
			);
			runOnlyForDeploymentPostprocessing = 0;
		};
/* End PBXSourcesBuildPhase section */

/* Begin PBXVariantGroup section */
		AFF3772728A6DE2D00364F51 /* Main.storyboard */ = {
			isa = PBXVariantGroup;
			children = (
				AFF3772828A6DE2D00364F51 /* Base */,
			);
			name = Main.storyboard;
			sourceTree = "<group>";
		};
		AFF3772C28A6DE2F00364F51 /* LaunchScreen.storyboard */ = {
			isa = PBXVariantGroup;
			children = (
				AFF3772D28A6DE2F00364F51 /* Base */,
			);
			name = LaunchScreen.storyboard;
			sourceTree = "<group>";
		};
/* End PBXVariantGroup section */

/* Begin XCBuildConfiguration section */
		AFF3773028A6DE2F00364F51 /* Debug */ = {
			isa = XCBuildConfiguration;
			buildSettings = {
				ALWAYS_SEARCH_USER_PATHS = NO;
				CLANG_ANALYZER_NONNULL = YES;
				CLANG_ANALYZER_NUMBER_OBJECT_CONVERSION = YES_AGGRESSIVE;
				CLANG_CXX_LANGUAGE_STANDARD = "gnu++17";
				CLANG_ENABLE_MODULES = YES;
				CLANG_ENABLE_OBJC_ARC = YES;
				CLANG_ENABLE_OBJC_WEAK = YES;
				CLANG_WARN_BLOCK_CAPTURE_AUTORELEASING = YES;
				CLANG_WARN_BOOL_CONVERSION = YES;
				CLANG_WARN_COMMA = YES;
				CLANG_WARN_CONSTANT_CONVERSION = YES;
				CLANG_WARN_DEPRECATED_OBJC_IMPLEMENTATIONS = YES;
				CLANG_WARN_DIRECT_OBJC_ISA_USAGE = YES_ERROR;
				CLANG_WARN_DOCUMENTATION_COMMENTS = YES;
				CLANG_WARN_EMPTY_BODY = YES;
				CLANG_WARN_ENUM_CONVERSION = YES;
				CLANG_WARN_INFINITE_RECURSION = YES;
				CLANG_WARN_INT_CONVERSION = YES;
				CLANG_WARN_NON_LITERAL_NULL_CONVERSION = YES;
				CLANG_WARN_OBJC_IMPLICIT_RETAIN_SELF = YES;
				CLANG_WARN_OBJC_LITERAL_CONVERSION = YES;
				CLANG_WARN_OBJC_ROOT_CLASS = YES_ERROR;
				CLANG_WARN_QUOTED_INCLUDE_IN_FRAMEWORK_HEADER = YES;
				CLANG_WARN_RANGE_LOOP_ANALYSIS = YES;
				CLANG_WARN_STRICT_PROTOTYPES = YES;
				CLANG_WARN_SUSPICIOUS_MOVE = YES;
				CLANG_WARN_UNGUARDED_AVAILABILITY = YES_AGGRESSIVE;
				CLANG_WARN_UNREACHABLE_CODE = YES;
				CLANG_WARN__DUPLICATE_METHOD_MATCH = YES;
				COPY_PHASE_STRIP = NO;
				DEBUG_INFORMATION_FORMAT = dwarf;
				ENABLE_STRICT_OBJC_MSGSEND = YES;
				ENABLE_TESTABILITY = YES;
				GCC_C_LANGUAGE_STANDARD = gnu11;
				GCC_DYNAMIC_NO_PIC = NO;
				GCC_NO_COMMON_BLOCKS = YES;
				GCC_OPTIMIZATION_LEVEL = 0;
				GCC_PREPROCESSOR_DEFINITIONS = (
					"DEBUG=1",
					"$(inherited)",
				);
				GCC_WARN_64_TO_32_BIT_CONVERSION = YES;
				GCC_WARN_ABOUT_RETURN_TYPE = YES_ERROR;
				GCC_WARN_UNDECLARED_SELECTOR = YES;
				GCC_WARN_UNINITIALIZED_AUTOS = YES_AGGRESSIVE;
				GCC_WARN_UNUSED_FUNCTION = YES;
				GCC_WARN_UNUSED_VARIABLE = YES;
				IPHONEOS_DEPLOYMENT_TARGET = 15.5;
				MTL_ENABLE_DEBUG_INFO = INCLUDE_SOURCE;
				MTL_FAST_MATH = YES;
				ONLY_ACTIVE_ARCH = YES;
				SDKROOT = iphoneos;
				SWIFT_ACTIVE_COMPILATION_CONDITIONS = DEBUG;
				SWIFT_OPTIMIZATION_LEVEL = "-Onone";
			};
			name = Debug;
		};
		AFF3773128A6DE2F00364F51 /* Release */ = {
			isa = XCBuildConfiguration;
			buildSettings = {
				ALWAYS_SEARCH_USER_PATHS = NO;
				CLANG_ANALYZER_NONNULL = YES;
				CLANG_ANALYZER_NUMBER_OBJECT_CONVERSION = YES_AGGRESSIVE;
				CLANG_CXX_LANGUAGE_STANDARD = "gnu++17";
				CLANG_ENABLE_MODULES = YES;
				CLANG_ENABLE_OBJC_ARC = YES;
				CLANG_ENABLE_OBJC_WEAK = YES;
				CLANG_WARN_BLOCK_CAPTURE_AUTORELEASING = YES;
				CLANG_WARN_BOOL_CONVERSION = YES;
				CLANG_WARN_COMMA = YES;
				CLANG_WARN_CONSTANT_CONVERSION = YES;
				CLANG_WARN_DEPRECATED_OBJC_IMPLEMENTATIONS = YES;
				CLANG_WARN_DIRECT_OBJC_ISA_USAGE = YES_ERROR;
				CLANG_WARN_DOCUMENTATION_COMMENTS = YES;
				CLANG_WARN_EMPTY_BODY = YES;
				CLANG_WARN_ENUM_CONVERSION = YES;
				CLANG_WARN_INFINITE_RECURSION = YES;
				CLANG_WARN_INT_CONVERSION = YES;
				CLANG_WARN_NON_LITERAL_NULL_CONVERSION = YES;
				CLANG_WARN_OBJC_IMPLICIT_RETAIN_SELF = YES;
				CLANG_WARN_OBJC_LITERAL_CONVERSION = YES;
				CLANG_WARN_OBJC_ROOT_CLASS = YES_ERROR;
				CLANG_WARN_QUOTED_INCLUDE_IN_FRAMEWORK_HEADER = YES;
				CLANG_WARN_RANGE_LOOP_ANALYSIS = YES;
				CLANG_WARN_STRICT_PROTOTYPES = YES;
				CLANG_WARN_SUSPICIOUS_MOVE = YES;
				CLANG_WARN_UNGUARDED_AVAILABILITY = YES_AGGRESSIVE;
				CLANG_WARN_UNREACHABLE_CODE = YES;
				CLANG_WARN__DUPLICATE_METHOD_MATCH = YES;
				COPY_PHASE_STRIP = NO;
				DEBUG_INFORMATION_FORMAT = "dwarf-with-dsym";
				ENABLE_NS_ASSERTIONS = NO;
				ENABLE_STRICT_OBJC_MSGSEND = YES;
				GCC_C_LANGUAGE_STANDARD = gnu11;
				GCC_NO_COMMON_BLOCKS = YES;
				GCC_WARN_64_TO_32_BIT_CONVERSION = YES;
				GCC_WARN_ABOUT_RETURN_TYPE = YES_ERROR;
				GCC_WARN_UNDECLARED_SELECTOR = YES;
				GCC_WARN_UNINITIALIZED_AUTOS = YES_AGGRESSIVE;
				GCC_WARN_UNUSED_FUNCTION = YES;
				GCC_WARN_UNUSED_VARIABLE = YES;
				IPHONEOS_DEPLOYMENT_TARGET = 15.5;
				MTL_ENABLE_DEBUG_INFO = NO;
				MTL_FAST_MATH = YES;
				SDKROOT = iphoneos;
				SWIFT_COMPILATION_MODE = wholemodule;
				SWIFT_OPTIMIZATION_LEVEL = "-O";
				VALIDATE_PRODUCT = YES;
			};
			name = Release;
		};
		AFF3773328A6DE2F00364F51 /* Debug */ = {
			isa = XCBuildConfiguration;
			buildSettings = {
				ASSETCATALOG_COMPILER_APPICON_NAME = AppIcon;
				ASSETCATALOG_COMPILER_GLOBAL_ACCENT_COLOR_NAME = AccentColor;
				CODE_SIGN_STYLE = Automatic;
				CURRENT_PROJECT_VERSION = 1;
				DEVELOPMENT_TEAM = UJZ22F5K9V;
				GENERATE_INFOPLIST_FILE = YES;
				INFOPLIST_FILE = Day02/Info.plist;
				INFOPLIST_KEY_UIApplicationSupportsIndirectInputEvents = YES;
				INFOPLIST_KEY_UILaunchStoryboardName = LaunchScreen;
				INFOPLIST_KEY_UIMainStoryboardFile = Main;
				INFOPLIST_KEY_UISupportedInterfaceOrientations_iPad = "UIInterfaceOrientationPortrait UIInterfaceOrientationPortraitUpsideDown UIInterfaceOrientationLandscapeLeft UIInterfaceOrientationLandscapeRight";
				INFOPLIST_KEY_UISupportedInterfaceOrientations_iPhone = "UIInterfaceOrientationPortrait UIInterfaceOrientationLandscapeLeft UIInterfaceOrientationLandscapeRight";
				LD_RUNPATH_SEARCH_PATHS = (
					"$(inherited)",
					"@executable_path/Frameworks",
				);
				MARKETING_VERSION = 1.0;
				PRODUCT_BUNDLE_IDENTIFIER = dredfort.42.Day02;
				PRODUCT_NAME = "$(TARGET_NAME)";
				SWIFT_EMIT_LOC_STRINGS = YES;
				SWIFT_VERSION = 5.0;
				TARGETED_DEVICE_FAMILY = "1,2";
			};
			name = Debug;
		};
		AFF3773428A6DE2F00364F51 /* Release */ = {
			isa = XCBuildConfiguration;
			buildSettings = {
				ASSETCATALOG_COMPILER_APPICON_NAME = AppIcon;
				ASSETCATALOG_COMPILER_GLOBAL_ACCENT_COLOR_NAME = AccentColor;
				CODE_SIGN_STYLE = Automatic;
				CURRENT_PROJECT_VERSION = 1;
				DEVELOPMENT_TEAM = UJZ22F5K9V;
				GENERATE_INFOPLIST_FILE = YES;
				INFOPLIST_FILE = Day02/Info.plist;
				INFOPLIST_KEY_UIApplicationSupportsIndirectInputEvents = YES;
				INFOPLIST_KEY_UILaunchStoryboardName = LaunchScreen;
				INFOPLIST_KEY_UIMainStoryboardFile = Main;
				INFOPLIST_KEY_UISupportedInterfaceOrientations_iPad = "UIInterfaceOrientationPortrait UIInterfaceOrientationPortraitUpsideDown UIInterfaceOrientationLandscapeLeft UIInterfaceOrientationLandscapeRight";
				INFOPLIST_KEY_UISupportedInterfaceOrientations_iPhone = "UIInterfaceOrientationPortrait UIInterfaceOrientationLandscapeLeft UIInterfaceOrientationLandscapeRight";
				LD_RUNPATH_SEARCH_PATHS = (
					"$(inherited)",
					"@executable_path/Frameworks",
				);
				MARKETING_VERSION = 1.0;
				PRODUCT_BUNDLE_IDENTIFIER = dredfort.42.Day02;
				PRODUCT_NAME = "$(TARGET_NAME)";
				SWIFT_EMIT_LOC_STRINGS = YES;
				SWIFT_VERSION = 5.0;
				TARGETED_DEVICE_FAMILY = "1,2";
			};
			name = Release;
		};
/* End XCBuildConfiguration section */

/* Begin XCConfigurationList section */
		AFF3771928A6DE2D00364F51 /* Build configuration list for PBXProject "Day02" */ = {
			isa = XCConfigurationList;
			buildConfigurations = (
				AFF3773028A6DE2F00364F51 /* Debug */,
				AFF3773128A6DE2F00364F51 /* Release */,
			);
			defaultConfigurationIsVisible = 0;
			defaultConfigurationName = Release;
		};
		AFF3773228A6DE2F00364F51 /* Build configuration list for PBXNativeTarget "Day02" */ = {
			isa = XCConfigurationList;
			buildConfigurations = (
				AFF3773328A6DE2F00364F51 /* Debug */,
				AFF3773428A6DE2F00364F51 /* Release */,
			);
			defaultConfigurationIsVisible = 0;
			defaultConfigurationName = Release;
		};
/* End XCConfigurationList section */
	};
	rootObject = AFF3771628A6DE2D00364F51 /* Project object */;
}
